// !$*UTF8*$!
{
	archiveVersion = 1;
	classes = {
	};
	objectVersion = 77;
	objects = {

/* Begin PBXBuildFile section */
		7809E6582F01074200FC8CBE /* FirebaseMessaging in Frameworks */ = {isa = PBXBuildFile; productRef = 7809E6572F01074200FC8CBE /* FirebaseMessaging */; };
		DF2F10562EE1D07F00AD77A4 /* FirebaseAnalytics in Frameworks */ = {isa = PBXBuildFile; productRef = DF2F10552EE1D07F00AD77A4 /* FirebaseAnalytics */; };
		DF2F10582EE1D07F00AD77A4 /* FirebaseAnalyticsCore in Frameworks */ = {isa = PBXBuildFile; productRef = DF2F10572EE1D07F00AD77A4 /* FirebaseAnalyticsCore */; };
		DF2F105A2EE1D07F00AD77A4 /* FirebaseAnalyticsIdentitySupport in Frameworks */ = {isa = PBXBuildFile; productRef = DF2F10592EE1D07F00AD77A4 /* FirebaseAnalyticsIdentitySupport */; };
		DF2F105C2EE1D07F00AD77A4 /* FirebaseCore in Frameworks */ = {isa = PBXBuildFile; productRef = DF2F105B2EE1D07F00AD77A4 /* FirebaseCore */; };
		DF2F105F2EE1D14A00AD77A4 /* FirebaseFirestore in Frameworks */ = {isa = PBXBuildFile; productRef = DF2F105E2EE1D14A00AD77A4 /* FirebaseFirestore */; };
		DF2F10612EE1D16F00AD77A4 /* FirebaseAuth in Frameworks */ = {isa = PBXBuildFile; productRef = DF2F10602EE1D16F00AD77A4 /* FirebaseAuth */; };
		F981E65D2F0143AC00733031 /* Cloudinary in Frameworks */ = {isa = PBXBuildFile; productRef = F981E65C2F0143AC00733031 /* Cloudinary */; };
/* End PBXBuildFile section */

/* Begin PBXFileReference section */
		D44297B62EDC95B400CBB48D /* PolyTech.app */ = {isa = PBXFileReference; explicitFileType = wrapper.application; includeInIndex = 0; path = PolyTech.app; sourceTree = BUILT_PRODUCTS_DIR; };
/* End PBXFileReference section */

/* Begin PBXFileSystemSynchronizedBuildFileExceptionSet section */
		D44297C82EDC95B500CBB48D /* Exceptions for "PolyTech" folder in "PolyTech" target */ = {
			isa = PBXFileSystemSynchronizedBuildFileExceptionSet;
			membershipExceptions = (
				Info.plist,
			);
			target = D44297B52EDC95B400CBB48D /* PolyTech */;
		};
/* End PBXFileSystemSynchronizedBuildFileExceptionSet section */

/* Begin PBXFileSystemSynchronizedRootGroup section */
		D44297B82EDC95B400CBB48D /* PolyTech */ = {
			isa = PBXFileSystemSynchronizedRootGroup;
			exceptions = (
				D44297C82EDC95B500CBB48D /* Exceptions for "PolyTech" folder in "PolyTech" target */,
			);
			path = PolyTech;
			sourceTree = "<group>";
		};
/* End PBXFileSystemSynchronizedRootGroup section */

/* Begin PBXFrameworksBuildPhase section */
		D44297B32EDC95B400CBB48D /* Frameworks */ = {
			isa = PBXFrameworksBuildPhase;
			buildActionMask = 2147483647;
			files = (
				DF2F10562EE1D07F00AD77A4 /* FirebaseAnalytics in Frameworks */,
				DF2F10612EE1D16F00AD77A4 /* FirebaseAuth in Frameworks */,
				7809E6582F01074200FC8CBE /* FirebaseMessaging in Frameworks */,
				DF2F10582EE1D07F00AD77A4 /* FirebaseAnalyticsCore in Frameworks */,
				F981E65D2F0143AC00733031 /* Cloudinary in Frameworks */,
				DF2F105C2EE1D07F00AD77A4 /* FirebaseCore in Frameworks */,
				DF2F105F2EE1D14A00AD77A4 /* FirebaseFirestore in Frameworks */,
				DF2F105A2EE1D07F00AD77A4 /* FirebaseAnalyticsIdentitySupport in Frameworks */,
			);
			runOnlyForDeploymentPostprocessing = 0;
		};
/* End PBXFrameworksBuildPhase section */

/* Begin PBXGroup section */
		D44297AD2EDC95B400CBB48D = {
			isa = PBXGroup;
			children = (
				D44297B82EDC95B400CBB48D /* PolyTech */,
				DF2F105D2EE1D14A00AD77A4 /* Frameworks */,
				D44297B72EDC95B400CBB48D /* Products */,
			);
			sourceTree = "<group>";
		};
		D44297B72EDC95B400CBB48D /* Products */ = {
			isa = PBXGroup;
			children = (
				D44297B62EDC95B400CBB48D /* PolyTech.app */,
			);
			name = Products;
			sourceTree = "<group>";
		};
		DF2F105D2EE1D14A00AD77A4 /* Frameworks */ = {
			isa = PBXGroup;
			children = (
			);
			name = Frameworks;
			sourceTree = "<group>";
		};
/* End PBXGroup section */

/* Begin PBXNativeTarget section */
		D44297B52EDC95B400CBB48D /* PolyTech */ = {
			isa = PBXNativeTarget;
			buildConfigurationList = D44297C92EDC95B500CBB48D /* Build configuration list for PBXNativeTarget "PolyTech" */;
			buildPhases = (
				D44297B22EDC95B400CBB48D /* Sources */,
				D44297B32EDC95B400CBB48D /* Frameworks */,
				D44297B42EDC95B400CBB48D /* Resources */,
			);
			buildRules = (
			);
			dependencies = (
			);
			fileSystemSynchronizedGroups = (
				D44297B82EDC95B400CBB48D /* PolyTech */,
			);
			name = PolyTech;
			packageProductDependencies = (
				DF2F10552EE1D07F00AD77A4 /* FirebaseAnalytics */,
				DF2F10572EE1D07F00AD77A4 /* FirebaseAnalyticsCore */,
				DF2F10592EE1D07F00AD77A4 /* FirebaseAnalyticsIdentitySupport */,
				DF2F105B2EE1D07F00AD77A4 /* FirebaseCore */,
				DF2F105E2EE1D14A00AD77A4 /* FirebaseFirestore */,
				DF2F10602EE1D16F00AD77A4 /* FirebaseAuth */,
				7809E6572F01074200FC8CBE /* FirebaseMessaging */,
				F981E65C2F0143AC00733031 /* Cloudinary */,
			);
			productName = PolyTech;
			productReference = D44297B62EDC95B400CBB48D /* PolyTech.app */;
			productType = "com.apple.product-type.application";
		};
/* End PBXNativeTarget section */

/* Begin PBXProject section */
		D44297AE2EDC95B400CBB48D /* Project object */ = {
			isa = PBXProject;
			attributes = {
				BuildIndependentTargetsInParallel = 1;
				LastSwiftUpdateCheck = 1640;
				LastUpgradeCheck = 1640;
				TargetAttributes = {
					D44297B52EDC95B400CBB48D = {
						CreatedOnToolsVersion = 16.4;
					};
				};
			};
			buildConfigurationList = D44297B12EDC95B400CBB48D /* Build configuration list for PBXProject "PolyTech" */;
			developmentRegion = en;
			hasScannedForEncodings = 0;
			knownRegions = (
				en,
				Base,
			);
			mainGroup = D44297AD2EDC95B400CBB48D;
			minimizedProjectReferenceProxies = 1;
			packageReferences = (
				DF2F10542EE1D07F00AD77A4 /* XCRemoteSwiftPackageReference "firebase-ios-sdk" */,
				F981E65B2F0143AC00733031 /* XCRemoteSwiftPackageReference "cloudinary_ios" */,
			);
			preferredProjectObjectVersion = 77;
			productRefGroup = D44297B72EDC95B400CBB48D /* Products */;
			projectDirPath = "";
			projectRoot = "";
			targets = (
				D44297B52EDC95B400CBB48D /* PolyTech */,
			);
		};
/* End PBXProject section */

/* Begin PBXResourcesBuildPhase section */
		D44297B42EDC95B400CBB48D /* Resources */ = {
			isa = PBXResourcesBuildPhase;
			buildActionMask = 2147483647;
			files = (
			);
			runOnlyForDeploymentPostprocessing = 0;
		};
/* End PBXResourcesBuildPhase section */

/* Begin PBXSourcesBuildPhase section */
		D44297B22EDC95B400CBB48D /* Sources */ = {
			isa = PBXSourcesBuildPhase;
			buildActionMask = 2147483647;
			files = (
			);
			runOnlyForDeploymentPostprocessing = 0;
		};
/* End PBXSourcesBuildPhase section */

/* Begin XCBuildConfiguration section */
		D44297CA2EDC95B500CBB48D /* Debug */ = {
			isa = XCBuildConfiguration;
			buildSettings = {
				ASSETCATALOG_COMPILER_APPICON_NAME = AppIcon;
				ASSETCATALOG_COMPILER_GLOBAL_ACCENT_COLOR_NAME = AccentColor;
				CODE_SIGN_ENTITLEMENTS = PolyTech/PolyTech.entitlements;
				CODE_SIGN_STYLE = Automatic;
				CURRENT_PROJECT_VERSION = 1;
				GENERATE_INFOPLIST_FILE = YES;
				INFOPLIST_FILE = PolyTech/Info.plist;
				INFOPLIST_KEY_UIApplicationSupportsIndirectInputEvents = YES;
				INFOPLIST_KEY_UILaunchStoryboardName = LaunchScreen.storyboard;
				INFOPLIST_KEY_UIMainStoryboardFile = Main;
				INFOPLIST_KEY_UISupportedInterfaceOrientations_iPad = "UIInterfaceOrientationPortrait UIInterfaceOrientationPortraitUpsideDown UIInterfaceOrientationLandscapeLeft UIInterfaceOrientationLandscapeRight";
				INFOPLIST_KEY_UISupportedInterfaceOrientations_iPhone = "UIInterfaceOrientationPortrait UIInterfaceOrientationLandscapeLeft UIInterfaceOrientationLandscapeRight";
				LD_RUNPATH_SEARCH_PATHS = (
					"$(inherited)",
					"@executable_path/Frameworks",
				);
				MARKETING_VERSION = 1.0;
				PRODUCT_BUNDLE_IDENTIFIER = poly.PolyTech;
				PRODUCT_NAME = "$(TARGET_NAME)";
				SWIFT_EMIT_LOC_STRINGS = YES;
				SWIFT_VERSION = 5.0;
				TARGETED_DEVICE_FAMILY = "1,2";
			};
			name = Debug;
		};
		D44297CB2EDC95B500CBB48D /* Release */ = {
			isa = XCBuildConfiguration;
			buildSettings = {
				ASSETCATALOG_COMPILER_APPICON_NAME = AppIcon;
				ASSETCATALOG_COMPILER_GLOBAL_ACCENT_COLOR_NAME = AccentColor;
				CODE_SIGN_ENTITLEMENTS = PolyTech/PolyTech.entitlements;
				CODE_SIGN_STYLE = Automatic;
				CURRENT_PROJECT_VERSION = 1;
				GENERATE_INFOPLIST_FILE = YES;
				INFOPLIST_FILE = PolyTech/Info.plist;
				INFOPLIST_KEY_UIApplicationSupportsIndirectInputEvents = YES;
				INFOPLIST_KEY_UILaunchStoryboardName = LaunchScreen.storyboard;
				INFOPLIST_KEY_UIMainStoryboardFile = Main;
				INFOPLIST_KEY_UISupportedInterfaceOrientations_iPad = "UIInterfaceOrientationPortrait UIInterfaceOrientationPortraitUpsideDown UIInterfaceOrientationLandscapeLeft UIInterfaceOrientationLandscapeRight";
				INFOPLIST_KEY_UISupportedInterfaceOrientations_iPhone = "UIInterfaceOrientationPortrait UIInterfaceOrientationLandscapeLeft UIInterfaceOrientationLandscapeRight";
				LD_RUNPATH_SEARCH_PATHS = (
					"$(inherited)",
					"@executable_path/Frameworks",
				);
				MARKETING_VERSION = 1.0;
				PRODUCT_BUNDLE_IDENTIFIER = poly.PolyTech;
				PRODUCT_NAME = "$(TARGET_NAME)";
				SWIFT_EMIT_LOC_STRINGS = YES;
				SWIFT_VERSION = 5.0;
				TARGETED_DEVICE_FAMILY = "1,2";
			};
			name = Release;
		};
		D44297CC2EDC95B500CBB48D /* Debug */ = {
			isa = XCBuildConfiguration;
			buildSettings = {
				ALWAYS_SEARCH_USER_PATHS = NO;
				ASSETCATALOG_COMPILER_GENERATE_SWIFT_ASSET_SYMBOL_EXTENSIONS = YES;
				CLANG_ANALYZER_NONNULL = YES;
				CLANG_ANALYZER_NUMBER_OBJECT_CONVERSION = YES_AGGRESSIVE;
				CLANG_CXX_LANGUAGE_STANDARD = "gnu++20";
				CLANG_ENABLE_MODULES = YES;
				CLANG_ENABLE_OBJC_ARC = YES;
				CLANG_ENABLE_OBJC_WEAK = YES;
				CLANG_WARN_BLOCK_CAPTURE_AUTORELEASING = YES;
				CLANG_WARN_BOOL_CONVERSION = YES;
				CLANG_WARN_COMMA = YES;
				CLANG_WARN_CONSTANT_CONVERSION = YES;
				CLANG_WARN_DEPRECATED_OBJC_IMPLEMENTATIONS = YES;
				CLANG_WARN_DIRECT_OBJC_ISA_USAGE = YES_ERROR;
				CLANG_WARN_DOCUMENTATION_COMMENTS = YES;
				CLANG_WARN_EMPTY_BODY = YES;
				CLANG_WARN_ENUM_CONVERSION = YES;
				CLANG_WARN_INFINITE_RECURSION = YES;
				CLANG_WARN_INT_CONVERSION = YES;
				CLANG_WARN_NON_LITERAL_NULL_CONVERSION = YES;
				CLANG_WARN_OBJC_IMPLICIT_RETAIN_SELF = YES;
				CLANG_WARN_OBJC_LITERAL_CONVERSION = YES;
				CLANG_WARN_OBJC_ROOT_CLASS = YES_ERROR;
				CLANG_WARN_QUOTED_INCLUDE_IN_FRAMEWORK_HEADER = YES;
				CLANG_WARN_RANGE_LOOP_ANALYSIS = YES;
				CLANG_WARN_STRICT_PROTOTYPES = YES;
				CLANG_WARN_SUSPICIOUS_MOVE = YES;
				CLANG_WARN_UNGUARDED_AVAILABILITY = YES_AGGRESSIVE;
				CLANG_WARN_UNREACHABLE_CODE = YES;
				CLANG_WARN__DUPLICATE_METHOD_MATCH = YES;
				COPY_PHASE_STRIP = NO;
				DEBUG_INFORMATION_FORMAT = dwarf;
				ENABLE_STRICT_OBJC_MSGSEND = YES;
				ENABLE_TESTABILITY = YES;
				ENABLE_USER_SCRIPT_SANDBOXING = YES;
				GCC_C_LANGUAGE_STANDARD = gnu17;
				GCC_DYNAMIC_NO_PIC = NO;
				GCC_NO_COMMON_BLOCKS = YES;
				GCC_OPTIMIZATION_LEVEL = 0;
				GCC_PREPROCESSOR_DEFINITIONS = (
					"DEBUG=1",
					"$(inherited)",
				);
				GCC_WARN_64_TO_32_BIT_CONVERSION = YES;
				GCC_WARN_ABOUT_RETURN_TYPE = YES_ERROR;
				GCC_WARN_UNDECLARED_SELECTOR = YES;
				GCC_WARN_UNINITIALIZED_AUTOS = YES_AGGRESSIVE;
				GCC_WARN_UNUSED_FUNCTION = YES;
				GCC_WARN_UNUSED_VARIABLE = YES;
				IPHONEOS_DEPLOYMENT_TARGET = 18.5;
				LOCALIZATION_PREFERS_STRING_CATALOGS = YES;
				MTL_ENABLE_DEBUG_INFO = INCLUDE_SOURCE;
				MTL_FAST_MATH = YES;
				ONLY_ACTIVE_ARCH = YES;
				SDKROOT = iphoneos;
				SWIFT_ACTIVE_COMPILATION_CONDITIONS = "DEBUG $(inherited)";
				SWIFT_OPTIMIZATION_LEVEL = "-Onone";
			};
			name = Debug;
		};
		D44297CD2EDC95B500CBB48D /* Release */ = {
			isa = XCBuildConfiguration;
			buildSettings = {
				ALWAYS_SEARCH_USER_PATHS = NO;
				ASSETCATALOG_COMPILER_GENERATE_SWIFT_ASSET_SYMBOL_EXTENSIONS = YES;
				CLANG_ANALYZER_NONNULL = YES;
				CLANG_ANALYZER_NUMBER_OBJECT_CONVERSION = YES_AGGRESSIVE;
				CLANG_CXX_LANGUAGE_STANDARD = "gnu++20";
				CLANG_ENABLE_MODULES = YES;
				CLANG_ENABLE_OBJC_ARC = YES;
				CLANG_ENABLE_OBJC_WEAK = YES;
				CLANG_WARN_BLOCK_CAPTURE_AUTORELEASING = YES;
				CLANG_WARN_BOOL_CONVERSION = YES;
				CLANG_WARN_COMMA = YES;
				CLANG_WARN_CONSTANT_CONVERSION = YES;
				CLANG_WARN_DEPRECATED_OBJC_IMPLEMENTATIONS = YES;
				CLANG_WARN_DIRECT_OBJC_ISA_USAGE = YES_ERROR;
				CLANG_WARN_DOCUMENTATION_COMMENTS = YES;
				CLANG_WARN_EMPTY_BODY = YES;
				CLANG_WARN_ENUM_CONVERSION = YES;
				CLANG_WARN_INFINITE_RECURSION = YES;
				CLANG_WARN_INT_CONVERSION = YES;
				CLANG_WARN_NON_LITERAL_NULL_CONVERSION = YES;
				CLANG_WARN_OBJC_IMPLICIT_RETAIN_SELF = YES;
				CLANG_WARN_OBJC_LITERAL_CONVERSION = YES;
				CLANG_WARN_OBJC_ROOT_CLASS = YES_ERROR;
				CLANG_WARN_QUOTED_INCLUDE_IN_FRAMEWORK_HEADER = YES;
				CLANG_WARN_RANGE_LOOP_ANALYSIS = YES;
				CLANG_WARN_STRICT_PROTOTYPES = YES;
				CLANG_WARN_SUSPICIOUS_MOVE = YES;
				CLANG_WARN_UNGUARDED_AVAILABILITY = YES_AGGRESSIVE;
				CLANG_WARN_UNREACHABLE_CODE = YES;
				CLANG_WARN__DUPLICATE_METHOD_MATCH = YES;
				COPY_PHASE_STRIP = NO;
				DEBUG_INFORMATION_FORMAT = "dwarf-with-dsym";
				ENABLE_NS_ASSERTIONS = NO;
				ENABLE_STRICT_OBJC_MSGSEND = YES;
				ENABLE_USER_SCRIPT_SANDBOXING = YES;
				GCC_C_LANGUAGE_STANDARD = gnu17;
				GCC_NO_COMMON_BLOCKS = YES;
				GCC_WARN_64_TO_32_BIT_CONVERSION = YES;
				GCC_WARN_ABOUT_RETURN_TYPE = YES_ERROR;
				GCC_WARN_UNDECLARED_SELECTOR = YES;
				GCC_WARN_UNINITIALIZED_AUTOS = YES_AGGRESSIVE;
				GCC_WARN_UNUSED_FUNCTION = YES;
				GCC_WARN_UNUSED_VARIABLE = YES;
				IPHONEOS_DEPLOYMENT_TARGET = 18.5;
				LOCALIZATION_PREFERS_STRING_CATALOGS = YES;
				MTL_ENABLE_DEBUG_INFO = NO;
				MTL_FAST_MATH = YES;
				SDKROOT = iphoneos;
				SWIFT_COMPILATION_MODE = wholemodule;
				VALIDATE_PRODUCT = YES;
			};
			name = Release;
		};
/* End XCBuildConfiguration section */

/* Begin XCConfigurationList section */
		D44297B12EDC95B400CBB48D /* Build configuration list for PBXProject "PolyTech" */ = {
			isa = XCConfigurationList;
			buildConfigurations = (
				D44297CC2EDC95B500CBB48D /* Debug */,
				D44297CD2EDC95B500CBB48D /* Release */,
			);
			defaultConfigurationIsVisible = 0;
			defaultConfigurationName = Release;
		};
		D44297C92EDC95B500CBB48D /* Build configuration list for PBXNativeTarget "PolyTech" */ = {
			isa = XCConfigurationList;
			buildConfigurations = (
				D44297CA2EDC95B500CBB48D /* Debug */,
				D44297CB2EDC95B500CBB48D /* Release */,
			);
			defaultConfigurationIsVisible = 0;
			defaultConfigurationName = Release;
		};
/* End XCConfigurationList section */

/* Begin XCRemoteSwiftPackageReference section */
		DF2F10542EE1D07F00AD77A4 /* XCRemoteSwiftPackageReference "firebase-ios-sdk" */ = {
			isa = XCRemoteSwiftPackageReference;
			repositoryURL = "https://github.com/firebase/firebase-ios-sdk";
			requirement = {
				kind = upToNextMajorVersion;
				minimumVersion = 12.6.0;
			};
		};
		F981E65B2F0143AC00733031 /* XCRemoteSwiftPackageReference "cloudinary_ios" */ = {
			isa = XCRemoteSwiftPackageReference;
			repositoryURL = "https://github.com/cloudinary/cloudinary_ios.git";
			requirement = {
				kind = upToNextMajorVersion;
				minimumVersion = 5.2.4;
			};
		};
/* End XCRemoteSwiftPackageReference section */

/* Begin XCSwiftPackageProductDependency section */
		7809E6572F01074200FC8CBE /* FirebaseMessaging */ = {
			isa = XCSwiftPackageProductDependency;
			package = DF2F10542EE1D07F00AD77A4 /* XCRemoteSwiftPackageReference "firebase-ios-sdk" */;
			productName = FirebaseMessaging;
		};
		DF2F10552EE1D07F00AD77A4 /* FirebaseAnalytics */ = {
			isa = XCSwiftPackageProductDependency;
			package = DF2F10542EE1D07F00AD77A4 /* XCRemoteSwiftPackageReference "firebase-ios-sdk" */;
			productName = FirebaseAnalytics;
		};
		DF2F10572EE1D07F00AD77A4 /* FirebaseAnalyticsCore */ = {
			isa = XCSwiftPackageProductDependency;
			package = DF2F10542EE1D07F00AD77A4 /* XCRemoteSwiftPackageReference "firebase-ios-sdk" */;
			productName = FirebaseAnalyticsCore;
		};
		DF2F10592EE1D07F00AD77A4 /* FirebaseAnalyticsIdentitySupport */ = {
			isa = XCSwiftPackageProductDependency;
			package = DF2F10542EE1D07F00AD77A4 /* XCRemoteSwiftPackageReference "firebase-ios-sdk" */;
			productName = FirebaseAnalyticsIdentitySupport;
		};
		DF2F105B2EE1D07F00AD77A4 /* FirebaseCore */ = {
			isa = XCSwiftPackageProductDependency;
			package = DF2F10542EE1D07F00AD77A4 /* XCRemoteSwiftPackageReference "firebase-ios-sdk" */;
			productName = FirebaseCore;
		};
		DF2F105E2EE1D14A00AD77A4 /* FirebaseFirestore */ = {
			isa = XCSwiftPackageProductDependency;
			package = DF2F10542EE1D07F00AD77A4 /* XCRemoteSwiftPackageReference "firebase-ios-sdk" */;
			productName = FirebaseFirestore;
		};
		DF2F10602EE1D16F00AD77A4 /* FirebaseAuth */ = {
			isa = XCSwiftPackageProductDependency;
			package = DF2F10542EE1D07F00AD77A4 /* XCRemoteSwiftPackageReference "firebase-ios-sdk" */;
			productName = FirebaseAuth;
		};
		F981E65C2F0143AC00733031 /* Cloudinary */ = {
			isa = XCSwiftPackageProductDependency;
			package = F981E65B2F0143AC00733031 /* XCRemoteSwiftPackageReference "cloudinary_ios" */;
			productName = Cloudinary;
		};
/* End XCSwiftPackageProductDependency section */
	};
	rootObject = D44297AE2EDC95B400CBB48D /* Project object */;
}
